{
    "_readme": [
        "This file locks the dependencies of your project to a known state",
        "Read more about it at https://getcomposer.org/doc/01-basic-usage.md#installing-dependencies",
        "This file is @generated automatically"
    ],
    "content-hash": "b94f1283317acc4b92bccfd5216cdc29",
    "packages": [
        {
            "name": "expreql/expreql",
            "version": "dev-master",
            "source": {
                "type": "git",
                "url": "https://github.com/AlexandrePhilibertCPNV/expreql.git",
                "reference": "b05ec0112187f39a0f38eaa6574944470242ea8e"
            },
            "dist": {
                "type": "zip",
                "url": "https://api.github.com/repos/AlexandrePhilibertCPNV/expreql/zipball/b05ec0112187f39a0f38eaa6574944470242ea8e",
                "reference": "b05ec0112187f39a0f38eaa6574944470242ea8e",
                "shasum": ""
            },
            "require-dev": {
                "phpunit/phpunit": "^9"
            },
            "type": "library",
            "autoload": {
                "psr-4": {
                    "Expreql\\": "src/"
                },
                "classmap": [
                    "src/"
                ]
            },
            "license": [
                "MIT"
            ],
            "authors": [
                {
                    "name": "Alexandre Philibert",
                    "email": "alexandre.philibert@cpnv.ch"
                }
            ],
            "description": "A small ORM and query builder for PHP inspired by Node.js Sequelize",
            "support": {
                "source": "https://github.com/AlexandrePhilibertCPNV/expreql/tree/master",
                "issues": "https://github.com/AlexandrePhilibertCPNV/expreql/issues"
            },
            "time": "2020-10-01T11:55:42+00:00"
        }
    ],
    "packages-dev": [],
    "aliases": [],
    "minimum-stability": "stable",
    "stability-flags": {
        "expreql/expreql": 20
    },
    "prefer-stable": false,
    "prefer-lowest": false,
    "platform": [],
    "platform-dev": []
}
