{
  "requires": true,
  "lockfileVersion": 1,
  "dependencies": {
    "bootstrap": {
      "version": "5.0.0-alpha2",
      "resolved": "https://registry.npmjs.org/bootstrap/-/bootstrap-5.0.0-alpha2.tgz",
      "integrity": "sha512-ZhW32+m5ImJoEkDKn43QQk2KovpJFisV/7TAg/RCzDi+B8m7FUgLHWx1Auu0Jt3/DQXDYwp6iwsprP3ej4u3ng=="
    }
  }
}
