{
  "requires": true,
  "lockfileVersion": 1,
  "dependencies": {
    "jquery": {
      "version": "3.5.1",
      "resolved": "https://registry.npmjs.org/jquery/-/jquery-3.5.1.tgz",
      "integrity": "sha512-XwIBPqcMn57FxfT+Go5pzySnm4KWkT1Tv7gjrpT1srtf8Weynl6R273VJ5GjkRb51IzMp5nbaPjJXMWeju2MKg=="
    },
    "mdbootstrap": {
      "version": "4.19.1",
      "resolved": "https://registry.npmjs.org/mdbootstrap/-/mdbootstrap-4.19.1.tgz",
      "integrity": "sha512-vzYd7UQ0H1tyJfDqCYwsAv+sxol/xRkJP/5FMhcdW3ZbN9xUnmWiSPHx3A6ddGxdOQbfJTWxT3G8M+I++Qdk6w=="
    }
  }
}
